
Microsoft Visual Studio Solution File, Format Version 12.00
# Visual Studio Version 16
VisualStudioVersion = 16.0.29230.47
MinimumVisualStudioVersion = 10.0.40219.1
Project("{FAE04EC0-301F-11D3-BF4B-00C04F79EFBC}") = "PWS_2", "PWS_2\PWS_2.csproj", "{AC3B768F-E34D-4660-8044-20F312095CA7}"
EndProject
Global
	GlobalSection(SolutionConfigurationPlatforms) = preSolution
		Debug|Any CPU = Debug|Any CPU
		Release|Any CPU = Release|Any CPU
	EndGlobalSection
	GlobalSection(ProjectConfigurationPlatforms) = postSolution
		{AC3B768F-E34D-4660-8044-20F312095CA7}.Debug|Any CPU.ActiveCfg = Debug|Any CPU
		{AC3B768F-E34D-4660-8044-20F312095CA7}.Debug|Any CPU.Build.0 = Debug|Any CPU
		{AC3B768F-E34D-4660-8044-20F312095CA7}.Release|Any CPU.ActiveCfg = Release|Any CPU
		{AC3B768F-E34D-4660-8044-20F312095CA7}.Release|Any CPU.Build.0 = Release|Any CPU
	EndGlobalSection
	GlobalSection(SolutionProperties) = preSolution
		HideSolutionNode = FALSE
	EndGlobalSection
	GlobalSection(ExtensibilityGlobals) = postSolution
		SolutionGuid = {A36CB435-E151-423D-878E-48EF4C1F43F1}
	EndGlobalSection
EndGlobal
